
Microsoft Visual Studio Solution File, Format Version 12.00
# Visual Studio Version 17
VisualStudioVersion = 17.13.35825.156 d17.13
MinimumVisualStudioVersion = 10.0.40219.1
Project("{8BC9CEB8-8B4A-11D0-8D11-00A0C91BC942}") = "NJUPT_Cryptography_Experiment", "NJUPT_Cryptography_Experiment.vcxproj", "{E955664C-DAF6-45F5-819E-3D04983D0985}"
EndProject
Global
	GlobalSection(SolutionConfigurationPlatforms) = preSolution
		Debug|x64 = Debug|x64
		Debug|x86 = Debug|x86
		Release|x64 = Release|x64
		Release|x86 = Release|x86
	EndGlobalSection
	GlobalSection(ProjectConfigurationPlatforms) = postSolution
		{E955664C-DAF6-45F5-819E-3D04983D0985}.Debug|x64.ActiveCfg = Debug|x64
		{E955664C-DAF6-45F5-819E-3D04983D0985}.Debug|x64.Build.0 = Debug|x64
		{E955664C-DAF6-45F5-819E-3D04983D0985}.Debug|x86.ActiveCfg = Debug|Win32
		{E955664C-DAF6-45F5-819E-3D04983D0985}.Debug|x86.Build.0 = Debug|Win32
		{E955664C-DAF6-45F5-819E-3D04983D0985}.Release|x64.ActiveCfg = Release|x64
		{E955664C-DAF6-45F5-819E-3D04983D0985}.Release|x64.Build.0 = Release|x64
		{E955664C-DAF6-45F5-819E-3D04983D0985}.Release|x86.ActiveCfg = Release|Win32
		{E955664C-DAF6-45F5-819E-3D04983D0985}.Release|x86.Build.0 = Release|Win32
	EndGlobalSection
	GlobalSection(SolutionProperties) = preSolution
		HideSolutionNode = FALSE
	EndGlobalSection
	GlobalSection(ExtensibilityGlobals) = postSolution
		SolutionGuid = {7DB5D41B-F2BB-49F5-BE4D-B3186276CF04}
	EndGlobalSection
EndGlobal
